
Microsoft Visual Studio Solution File, Format Version 12.00
# Visual Studio Version 16
VisualStudioVersion = 16.0.29411.108
MinimumVisualStudioVersion = 10.0.40219.1
Project("{FAE04EC0-301F-11D3-BF4B-00C04F79EFBC}") = "WPFUI", "WPFUI\WPFUI.csproj", "{7A1788FD-AB52-4B15-AFF6-CC603474FC40}"
EndProject
Project("{FAE04EC0-301F-11D3-BF4B-00C04F79EFBC}") = "Engine", "Engine\Engine.csproj", "{20AF11C8-A3BF-4010-991A-B213565AEEF7}"
EndProject
Global
	GlobalSection(SolutionConfigurationPlatforms) = preSolution
		Debug|Any CPU = Debug|Any CPU
		Release|Any CPU = Release|Any CPU
	EndGlobalSection
	GlobalSection(ProjectConfigurationPlatforms) = postSolution
		{7A1788FD-AB52-4B15-AFF6-CC603474FC40}.Debug|Any CPU.ActiveCfg = Debug|Any CPU
		{7A1788FD-AB52-4B15-AFF6-CC603474FC40}.Debug|Any CPU.Build.0 = Debug|Any CPU
		{7A1788FD-AB52-4B15-AFF6-CC603474FC40}.Release|Any CPU.ActiveCfg = Release|Any CPU
		{7A1788FD-AB52-4B15-AFF6-CC603474FC40}.Release|Any CPU.Build.0 = Release|Any CPU
		{20AF11C8-A3BF-4010-991A-B213565AEEF7}.Debug|Any CPU.ActiveCfg = Debug|Any CPU
		{20AF11C8-A3BF-4010-991A-B213565AEEF7}.Debug|Any CPU.Build.0 = Debug|Any CPU
		{20AF11C8-A3BF-4010-991A-B213565AEEF7}.Release|Any CPU.ActiveCfg = Release|Any CPU
		{20AF11C8-A3BF-4010-991A-B213565AEEF7}.Release|Any CPU.Build.0 = Release|Any CPU
	EndGlobalSection
	GlobalSection(SolutionProperties) = preSolution
		HideSolutionNode = FALSE
	EndGlobalSection
	GlobalSection(ExtensibilityGlobals) = postSolution
		SolutionGuid = {F7304445-7076-444D-B2AC-62E27D028688}
	EndGlobalSection
EndGlobal
